// !$*UTF8*$!
{
	archiveVersion = 1;
	classes = {
	};
	objectVersion = 77;
	objects = {

/* Begin PBXBuildFile section */
		6AAE58312D53C25D008D793F /* XCTest.framework in Frameworks */ = {isa = PBXBuildFile; fileRef = 6AAE582C2D53C0F1008D793F /* XCTest.framework */; platformFilter = ios; };
		6AAE58322D53C263008D793F /* XCTest.framework in Frameworks */ = {isa = PBXBuildFile; fileRef = 6AAE582C2D53C0F1008D793F /* XCTest.framework */; platformFilter = ios; };
		6AAE58952D53D037008D793F /* InlineSnapshotTesting in Frameworks */ = {isa = PBXBuildFile; productRef = 6AAE58942D53D037008D793F /* InlineSnapshotTesting */; };
		6AAE58972D53D037008D793F /* SnapshotTesting in Frameworks */ = {isa = PBXBuildFile; productRef = 6AAE58962D53D037008D793F /* SnapshotTesting */; };
		6AAE58992D53D037008D793F /* SnapshotTestingCustomDump in Frameworks */ = {isa = PBXBuildFile; productRef = 6AAE58982D53D037008D793F /* SnapshotTestingCustomDump */; };
/* End PBXBuildFile section */

/* Begin PBXContainerItemProxy section */
		6AAE57B52D538D8D008D793F /* PBXContainerItemProxy */ = {
			isa = PBXContainerItemProxy;
			containerPortal = 6AAE579C2D538D8C008D793F /* Project object */;
			proxyType = 1;
			remoteGlobalIDString = 6AAE57A32D538D8C008D793F;
			remoteInfo = CatsApp;
		};
		6AAE57BF2D538D8D008D793F /* PBXContainerItemProxy */ = {
			isa = PBXContainerItemProxy;
			containerPortal = 6AAE579C2D538D8C008D793F /* Project object */;
			proxyType = 1;
			remoteGlobalIDString = 6AAE57A32D538D8C008D793F;
			remoteInfo = CatsApp;
		};
/* End PBXContainerItemProxy section */

/* Begin PBXFileReference section */
		6AAE57A42D538D8C008D793F /* CatsApp.app */ = {isa = PBXFileReference; explicitFileType = wrapper.application; includeInIndex = 0; path = CatsApp.app; sourceTree = BUILT_PRODUCTS_DIR; };
		6AAE57B42D538D8D008D793F /* CatsAppTests.xctest */ = {isa = PBXFileReference; explicitFileType = wrapper.cfbundle; includeInIndex = 0; path = CatsAppTests.xctest; sourceTree = BUILT_PRODUCTS_DIR; };
		6AAE57BE2D538D8D008D793F /* CatsAppUITests.xctest */ = {isa = PBXFileReference; explicitFileType = wrapper.cfbundle; includeInIndex = 0; path = CatsAppUITests.xctest; sourceTree = BUILT_PRODUCTS_DIR; };
		6AAE582C2D53C0F1008D793F /* XCTest.framework */ = {isa = PBXFileReference; lastKnownFileType = wrapper.framework; name = XCTest.framework; path = Platforms/iPhoneOS.platform/Developer/Library/Frameworks/XCTest.framework; sourceTree = DEVELOPER_DIR; };
/* End PBXFileReference section */

/* Begin PBXFileSystemSynchronizedBuildFileExceptionSet section */
		6AAE57D92D538DD8008D793F /* Exceptions for "CatsApp" folder in "CatsApp" target */ = {
			isa = PBXFileSystemSynchronizedBuildFileExceptionSet;
			membershipExceptions = (
				Tests/CatsAppTests/CatDetailViewModelTests.swift,
				Tests/CatsAppTests/CatListViewModelTests.swift,
				Tests/CatsAppUITests/CatDetailUITests.swift,
				Tests/CatsAppUITests/CatListUITests.swift,
				Tests/CatsAppUITests/CatsAppUITestsLaunchTests.swift,
				Tests/Mocks/MockApiService.swift,
			);
			target = 6AAE57A32D538D8C008D793F /* CatsApp */;
		};
		6AAE57DA2D538DD8008D793F /* Exceptions for "CatsApp" folder in "CatsAppTests" target */ = {
			isa = PBXFileSystemSynchronizedBuildFileExceptionSet;
			membershipExceptions = (
				Tests/CatsAppTests/CatDetailViewModelTests.swift,
				Tests/CatsAppTests/CatListViewModelTests.swift,
				Tests/Mocks/MockApiService.swift,
			);
			target = 6AAE57B32D538D8D008D793F /* CatsAppTests */;
		};
		6AAE57E02D538DDA008D793F /* Exceptions for "CatsApp" folder in "CatsAppUITests" target */ = {
			isa = PBXFileSystemSynchronizedBuildFileExceptionSet;
			membershipExceptions = (
				Tests/CatsAppUITests/CatDetailUITests.swift,
				Tests/CatsAppUITests/CatListUITests.swift,
				Tests/CatsAppUITests/CatsAppUITestsLaunchTests.swift,
			);
			target = 6AAE57BD2D538D8D008D793F /* CatsAppUITests */;
		};
/* End PBXFileSystemSynchronizedBuildFileExceptionSet section */

/* Begin PBXFileSystemSynchronizedRootGroup section */
		6AAE57A62D538D8C008D793F /* CatsApp */ = {
			isa = PBXFileSystemSynchronizedRootGroup;
			exceptions = (
				6AAE57D92D538DD8008D793F /* Exceptions for "CatsApp" folder in "CatsApp" target */,
				6AAE57DA2D538DD8008D793F /* Exceptions for "CatsApp" folder in "CatsAppTests" target */,
				6AAE57E02D538DDA008D793F /* Exceptions for "CatsApp" folder in "CatsAppUITests" target */,
			);
			path = CatsApp;
			sourceTree = "<group>";
		};
/* End PBXFileSystemSynchronizedRootGroup section */

/* Begin PBXFrameworksBuildPhase section */
		6AAE57A12D538D8C008D793F /* Frameworks */ = {
			isa = PBXFrameworksBuildPhase;
			buildActionMask = 2147483647;
			files = (
			);
			runOnlyForDeploymentPostprocessing = 0;
		};
		6AAE57B12D538D8D008D793F /* Frameworks */ = {
			isa = PBXFrameworksBuildPhase;
			buildActionMask = 2147483647;
			files = (
				6AAE58312D53C25D008D793F /* XCTest.framework in Frameworks */,
			);
			runOnlyForDeploymentPostprocessing = 0;
		};
		6AAE57BB2D538D8D008D793F /* Frameworks */ = {
			isa = PBXFrameworksBuildPhase;
			buildActionMask = 2147483647;
			files = (
				6AAE58992D53D037008D793F /* SnapshotTestingCustomDump in Frameworks */,
				6AAE58972D53D037008D793F /* SnapshotTesting in Frameworks */,
				6AAE58952D53D037008D793F /* InlineSnapshotTesting in Frameworks */,
				6AAE58322D53C263008D793F /* XCTest.framework in Frameworks */,
			);
			runOnlyForDeploymentPostprocessing = 0;
		};
/* End PBXFrameworksBuildPhase section */

/* Begin PBXGroup section */
		6AAE579B2D538D8C008D793F = {
			isa = PBXGroup;
			children = (
				6AAE57A62D538D8C008D793F /* CatsApp */,
				6AAE582B2D53C0F1008D793F /* Frameworks */,
				6AAE57A52D538D8C008D793F /* Products */,
			);
			sourceTree = "<group>";
		};
		6AAE57A52D538D8C008D793F /* Products */ = {
			isa = PBXGroup;
			children = (
				6AAE57A42D538D8C008D793F /* CatsApp.app */,
				6AAE57B42D538D8D008D793F /* CatsAppTests.xctest */,
				6AAE57BE2D538D8D008D793F /* CatsAppUITests.xctest */,
			);
			name = Products;
			sourceTree = "<group>";
		};
		6AAE582B2D53C0F1008D793F /* Frameworks */ = {
			isa = PBXGroup;
			children = (
				6AAE582C2D53C0F1008D793F /* XCTest.framework */,
			);
			name = Frameworks;
			sourceTree = "<group>";
		};
/* End PBXGroup section */

/* Begin PBXNativeTarget section */
		6AAE57A32D538D8C008D793F /* CatsApp */ = {
			isa = PBXNativeTarget;
			buildConfigurationList = 6AAE57C82D538D8D008D793F /* Build configuration list for PBXNativeTarget "CatsApp" */;
			buildPhases = (
				6AAE57A02D538D8C008D793F /* Sources */,
				6AAE57A12D538D8C008D793F /* Frameworks */,
				6AAE57A22D538D8C008D793F /* Resources */,
			);
			buildRules = (
			);
			dependencies = (
			);
			fileSystemSynchronizedGroups = (
				6AAE57A62D538D8C008D793F /* CatsApp */,
			);
			name = CatsApp;
			packageProductDependencies = (
			);
			productName = CatsApp;
			productReference = 6AAE57A42D538D8C008D793F /* CatsApp.app */;
			productType = "com.apple.product-type.application";
		};
		6AAE57B32D538D8D008D793F /* CatsAppTests */ = {
			isa = PBXNativeTarget;
			buildConfigurationList = 6AAE57CB2D538D8D008D793F /* Build configuration list for PBXNativeTarget "CatsAppTests" */;
			buildPhases = (
				6AAE57B02D538D8D008D793F /* Sources */,
				6AAE57B12D538D8D008D793F /* Frameworks */,
				6AAE57B22D538D8D008D793F /* Resources */,
			);
			buildRules = (
			);
			dependencies = (
				6AAE57B62D538D8D008D793F /* PBXTargetDependency */,
			);
			name = CatsAppTests;
			packageProductDependencies = (
			);
			productName = CatsAppTests;
			productReference = 6AAE57B42D538D8D008D793F /* CatsAppTests.xctest */;
			productType = "com.apple.product-type.bundle.unit-test";
		};
		6AAE57BD2D538D8D008D793F /* CatsAppUITests */ = {
			isa = PBXNativeTarget;
			buildConfigurationList = 6AAE57CE2D538D8D008D793F /* Build configuration list for PBXNativeTarget "CatsAppUITests" */;
			buildPhases = (
				6AAE57BA2D538D8D008D793F /* Sources */,
				6AAE57BB2D538D8D008D793F /* Frameworks */,
				6AAE57BC2D538D8D008D793F /* Resources */,
			);
			buildRules = (
			);
			dependencies = (
				6AAE57C02D538D8D008D793F /* PBXTargetDependency */,
			);
			name = CatsAppUITests;
			packageProductDependencies = (
				6AAE58942D53D037008D793F /* InlineSnapshotTesting */,
				6AAE58962D53D037008D793F /* SnapshotTesting */,
				6AAE58982D53D037008D793F /* SnapshotTestingCustomDump */,
			);
			productName = CatsAppUITests;
			productReference = 6AAE57BE2D538D8D008D793F /* CatsAppUITests.xctest */;
			productType = "com.apple.product-type.bundle.ui-testing";
		};
/* End PBXNativeTarget section */

/* Begin PBXProject section */
		6AAE579C2D538D8C008D793F /* Project object */ = {
			isa = PBXProject;
			attributes = {
				BuildIndependentTargetsInParallel = 1;
				LastSwiftUpdateCheck = 1600;
				LastUpgradeCheck = 1600;
				TargetAttributes = {
					6AAE57A32D538D8C008D793F = {
						CreatedOnToolsVersion = 16.0;
					};
					6AAE57B32D538D8D008D793F = {
						CreatedOnToolsVersion = 16.0;
						TestTargetID = 6AAE57A32D538D8C008D793F;
					};
					6AAE57BD2D538D8D008D793F = {
						CreatedOnToolsVersion = 16.0;
						TestTargetID = 6AAE57A32D538D8C008D793F;
					};
				};
			};
			buildConfigurationList = 6AAE579F2D538D8C008D793F /* Build configuration list for PBXProject "CatsApp" */;
			developmentRegion = en;
			hasScannedForEncodings = 0;
			knownRegions = (
				en,
				Base,
			);
			mainGroup = 6AAE579B2D538D8C008D793F;
			minimizedProjectReferenceProxies = 1;
			packageReferences = (
				6AAE58932D53D037008D793F /* XCRemoteSwiftPackageReference "swift-snapshot-testing" */,
			);
			preferredProjectObjectVersion = 77;
			productRefGroup = 6AAE57A52D538D8C008D793F /* Products */;
			projectDirPath = "";
			projectRoot = "";
			targets = (
				6AAE57A32D538D8C008D793F /* CatsApp */,
				6AAE57B32D538D8D008D793F /* CatsAppTests */,
				6AAE57BD2D538D8D008D793F /* CatsAppUITests */,
			);
		};
/* End PBXProject section */

/* Begin PBXResourcesBuildPhase section */
		6AAE57A22D538D8C008D793F /* Resources */ = {
			isa = PBXResourcesBuildPhase;
			buildActionMask = 2147483647;
			files = (
			);
			runOnlyForDeploymentPostprocessing = 0;
		};
		6AAE57B22D538D8D008D793F /* Resources */ = {
			isa = PBXResourcesBuildPhase;
			buildActionMask = 2147483647;
			files = (
			);
			runOnlyForDeploymentPostprocessing = 0;
		};
		6AAE57BC2D538D8D008D793F /* Resources */ = {
			isa = PBXResourcesBuildPhase;
			buildActionMask = 2147483647;
			files = (
			);
			runOnlyForDeploymentPostprocessing = 0;
		};
/* End PBXResourcesBuildPhase section */

/* Begin PBXSourcesBuildPhase section */
		6AAE57A02D538D8C008D793F /* Sources */ = {
			isa = PBXSourcesBuildPhase;
			buildActionMask = 2147483647;
			files = (
			);
			runOnlyForDeploymentPostprocessing = 0;
		};
		6AAE57B02D538D8D008D793F /* Sources */ = {
			isa = PBXSourcesBuildPhase;
			buildActionMask = 2147483647;
			files = (
			);
			runOnlyForDeploymentPostprocessing = 0;
		};
		6AAE57BA2D538D8D008D793F /* Sources */ = {
			isa = PBXSourcesBuildPhase;
			buildActionMask = 2147483647;
			files = (
			);
			runOnlyForDeploymentPostprocessing = 0;
		};
/* End PBXSourcesBuildPhase section */

/* Begin PBXTargetDependency section */
		6AAE57B62D538D8D008D793F /* PBXTargetDependency */ = {
			isa = PBXTargetDependency;
			target = 6AAE57A32D538D8C008D793F /* CatsApp */;
			targetProxy = 6AAE57B52D538D8D008D793F /* PBXContainerItemProxy */;
		};
		6AAE57C02D538D8D008D793F /* PBXTargetDependency */ = {
			isa = PBXTargetDependency;
			target = 6AAE57A32D538D8C008D793F /* CatsApp */;
			targetProxy = 6AAE57BF2D538D8D008D793F /* PBXContainerItemProxy */;
		};
/* End PBXTargetDependency section */

/* Begin XCBuildConfiguration section */
		6AAE57C62D538D8D008D793F /* Debug */ = {
			isa = XCBuildConfiguration;
			buildSettings = {
				ALWAYS_SEARCH_USER_PATHS = NO;
				ASSETCATALOG_COMPILER_GENERATE_SWIFT_ASSET_SYMBOL_EXTENSIONS = YES;
				CLANG_ANALYZER_NONNULL = YES;
				CLANG_ANALYZER_NUMBER_OBJECT_CONVERSION = YES_AGGRESSIVE;
				CLANG_CXX_LANGUAGE_STANDARD = "gnu++20";
				CLANG_ENABLE_MODULES = YES;
				CLANG_ENABLE_OBJC_ARC = YES;
				CLANG_ENABLE_OBJC_WEAK = YES;
				CLANG_WARN_BLOCK_CAPTURE_AUTORELEASING = YES;
				CLANG_WARN_BOOL_CONVERSION = YES;
				CLANG_WARN_COMMA = YES;
				CLANG_WARN_CONSTANT_CONVERSION = YES;
				CLANG_WARN_DEPRECATED_OBJC_IMPLEMENTATIONS = YES;
				CLANG_WARN_DIRECT_OBJC_ISA_USAGE = YES_ERROR;
				CLANG_WARN_DOCUMENTATION_COMMENTS = YES;
				CLANG_WARN_EMPTY_BODY = YES;
				CLANG_WARN_ENUM_CONVERSION = YES;
				CLANG_WARN_INFINITE_RECURSION = YES;
				CLANG_WARN_INT_CONVERSION = YES;
				CLANG_WARN_NON_LITERAL_NULL_CONVERSION = YES;
				CLANG_WARN_OBJC_IMPLICIT_RETAIN_SELF = YES;
				CLANG_WARN_OBJC_LITERAL_CONVERSION = YES;
				CLANG_WARN_OBJC_ROOT_CLASS = YES_ERROR;
				CLANG_WARN_QUOTED_INCLUDE_IN_FRAMEWORK_HEADER = YES;
				CLANG_WARN_RANGE_LOOP_ANALYSIS = YES;
				CLANG_WARN_STRICT_PROTOTYPES = YES;
				CLANG_WARN_SUSPICIOUS_MOVE = YES;
				CLANG_WARN_UNGUARDED_AVAILABILITY = YES_AGGRESSIVE;
				CLANG_WARN_UNREACHABLE_CODE = YES;
				CLANG_WARN__DUPLICATE_METHOD_MATCH = YES;
				COPY_PHASE_STRIP = NO;
				DEBUG_INFORMATION_FORMAT = dwarf;
				ENABLE_STRICT_OBJC_MSGSEND = YES;
				ENABLE_TESTABILITY = YES;
				ENABLE_USER_SCRIPT_SANDBOXING = YES;
				GCC_C_LANGUAGE_STANDARD = gnu17;
				GCC_DYNAMIC_NO_PIC = NO;
				GCC_NO_COMMON_BLOCKS = YES;
				GCC_OPTIMIZATION_LEVEL = 0;
				GCC_PREPROCESSOR_DEFINITIONS = (
					"DEBUG=1",
					"$(inherited)",
				);
				GCC_WARN_64_TO_32_BIT_CONVERSION = YES;
				GCC_WARN_ABOUT_RETURN_TYPE = YES_ERROR;
				GCC_WARN_UNDECLARED_SELECTOR = YES;
				GCC_WARN_UNINITIALIZED_AUTOS = YES_AGGRESSIVE;
				GCC_WARN_UNUSED_FUNCTION = YES;
				GCC_WARN_UNUSED_VARIABLE = YES;
				IPHONEOS_DEPLOYMENT_TARGET = 18.0;
				LOCALIZATION_PREFERS_STRING_CATALOGS = YES;
				MTL_ENABLE_DEBUG_INFO = INCLUDE_SOURCE;
				MTL_FAST_MATH = YES;
				ONLY_ACTIVE_ARCH = YES;
				SDKROOT = iphoneos;
				SWIFT_ACTIVE_COMPILATION_CONDITIONS = "DEBUG $(inherited)";
				SWIFT_OPTIMIZATION_LEVEL = "-Onone";
			};
			name = Debug;
		};
		6AAE57C72D538D8D008D793F /* Release */ = {
			isa = XCBuildConfiguration;
			buildSettings = {
				ALWAYS_SEARCH_USER_PATHS = NO;
				ASSETCATALOG_COMPILER_GENERATE_SWIFT_ASSET_SYMBOL_EXTENSIONS = YES;
				CLANG_ANALYZER_NONNULL = YES;
				CLANG_ANALYZER_NUMBER_OBJECT_CONVERSION = YES_AGGRESSIVE;
				CLANG_CXX_LANGUAGE_STANDARD = "gnu++20";
				CLANG_ENABLE_MODULES = YES;
				CLANG_ENABLE_OBJC_ARC = YES;
				CLANG_ENABLE_OBJC_WEAK = YES;
				CLANG_WARN_BLOCK_CAPTURE_AUTORELEASING = YES;
				CLANG_WARN_BOOL_CONVERSION = YES;
				CLANG_WARN_COMMA = YES;
				CLANG_WARN_CONSTANT_CONVERSION = YES;
				CLANG_WARN_DEPRECATED_OBJC_IMPLEMENTATIONS = YES;
				CLANG_WARN_DIRECT_OBJC_ISA_USAGE = YES_ERROR;
				CLANG_WARN_DOCUMENTATION_COMMENTS = YES;
				CLANG_WARN_EMPTY_BODY = YES;
				CLANG_WARN_ENUM_CONVERSION = YES;
				CLANG_WARN_INFINITE_RECURSION = YES;
				CLANG_WARN_INT_CONVERSION = YES;
				CLANG_WARN_NON_LITERAL_NULL_CONVERSION = YES;
				CLANG_WARN_OBJC_IMPLICIT_RETAIN_SELF = YES;
				CLANG_WARN_OBJC_LITERAL_CONVERSION = YES;
				CLANG_WARN_OBJC_ROOT_CLASS = YES_ERROR;
				CLANG_WARN_QUOTED_INCLUDE_IN_FRAMEWORK_HEADER = YES;
				CLANG_WARN_RANGE_LOOP_ANALYSIS = YES;
				CLANG_WARN_STRICT_PROTOTYPES = YES;
				CLANG_WARN_SUSPICIOUS_MOVE = YES;
				CLANG_WARN_UNGUARDED_AVAILABILITY = YES_AGGRESSIVE;
				CLANG_WARN_UNREACHABLE_CODE = YES;
				CLANG_WARN__DUPLICATE_METHOD_MATCH = YES;
				COPY_PHASE_STRIP = NO;
				DEBUG_INFORMATION_FORMAT = "dwarf-with-dsym";
				ENABLE_NS_ASSERTIONS = NO;
				ENABLE_STRICT_OBJC_MSGSEND = YES;
				ENABLE_USER_SCRIPT_SANDBOXING = YES;
				GCC_C_LANGUAGE_STANDARD = gnu17;
				GCC_NO_COMMON_BLOCKS = YES;
				GCC_WARN_64_TO_32_BIT_CONVERSION = YES;
				GCC_WARN_ABOUT_RETURN_TYPE = YES_ERROR;
				GCC_WARN_UNDECLARED_SELECTOR = YES;
				GCC_WARN_UNINITIALIZED_AUTOS = YES_AGGRESSIVE;
				GCC_WARN_UNUSED_FUNCTION = YES;
				GCC_WARN_UNUSED_VARIABLE = YES;
				IPHONEOS_DEPLOYMENT_TARGET = 18.0;
				LOCALIZATION_PREFERS_STRING_CATALOGS = YES;
				MTL_ENABLE_DEBUG_INFO = NO;
				MTL_FAST_MATH = YES;
				SDKROOT = iphoneos;
				SWIFT_COMPILATION_MODE = wholemodule;
				VALIDATE_PRODUCT = YES;
			};
			name = Release;
		};
		6AAE57C92D538D8D008D793F /* Debug */ = {
			isa = XCBuildConfiguration;
			buildSettings = {
				ASSETCATALOG_COMPILER_APPICON_NAME = AppIcon;
				ASSETCATALOG_COMPILER_GLOBAL_ACCENT_COLOR_NAME = AccentColor;
				CODE_SIGN_STYLE = Automatic;
				CURRENT_PROJECT_VERSION = 1;
				DEVELOPMENT_ASSET_PATHS = "\"CatsApp/Preview Content\"";
				DEVELOPMENT_TEAM = N2N576VU5F;
				ENABLE_PREVIEWS = YES;
				GENERATE_INFOPLIST_FILE = YES;
				INFOPLIST_KEY_UIApplicationSceneManifest_Generation = YES;
				INFOPLIST_KEY_UIApplicationSupportsIndirectInputEvents = YES;
				INFOPLIST_KEY_UILaunchScreen_Generation = YES;
				INFOPLIST_KEY_UISupportedInterfaceOrientations_iPad = "UIInterfaceOrientationPortrait UIInterfaceOrientationPortraitUpsideDown UIInterfaceOrientationLandscapeLeft UIInterfaceOrientationLandscapeRight";
				INFOPLIST_KEY_UISupportedInterfaceOrientations_iPhone = "UIInterfaceOrientationPortrait UIInterfaceOrientationLandscapeLeft UIInterfaceOrientationLandscapeRight";
				LD_RUNPATH_SEARCH_PATHS = (
					"$(inherited)",
					"@executable_path/Frameworks",
				);
				MARKETING_VERSION = 1.0;
				PRODUCT_BUNDLE_IDENTIFIER = "Agustin-Russo.CatsApp";
				PRODUCT_NAME = "$(TARGET_NAME)";
				SWIFT_EMIT_LOC_STRINGS = YES;
				SWIFT_VERSION = 5.0;
				TARGETED_DEVICE_FAMILY = "1,2";
			};
			name = Debug;
		};
		6AAE57CA2D538D8D008D793F /* Release */ = {
			isa = XCBuildConfiguration;
			buildSettings = {
				ASSETCATALOG_COMPILER_APPICON_NAME = AppIcon;
				ASSETCATALOG_COMPILER_GLOBAL_ACCENT_COLOR_NAME = AccentColor;
				CODE_SIGN_STYLE = Automatic;
				CURRENT_PROJECT_VERSION = 1;
				DEVELOPMENT_ASSET_PATHS = "\"CatsApp/Preview Content\"";
				DEVELOPMENT_TEAM = N2N576VU5F;
				ENABLE_PREVIEWS = YES;
				GENERATE_INFOPLIST_FILE = YES;
				INFOPLIST_KEY_UIApplicationSceneManifest_Generation = YES;
				INFOPLIST_KEY_UIApplicationSupportsIndirectInputEvents = YES;
				INFOPLIST_KEY_UILaunchScreen_Generation = YES;
				INFOPLIST_KEY_UISupportedInterfaceOrientations_iPad = "UIInterfaceOrientationPortrait UIInterfaceOrientationPortraitUpsideDown UIInterfaceOrientationLandscapeLeft UIInterfaceOrientationLandscapeRight";
				INFOPLIST_KEY_UISupportedInterfaceOrientations_iPhone = "UIInterfaceOrientationPortrait UIInterfaceOrientationLandscapeLeft UIInterfaceOrientationLandscapeRight";
				LD_RUNPATH_SEARCH_PATHS = (
					"$(inherited)",
					"@executable_path/Frameworks",
				);
				MARKETING_VERSION = 1.0;
				PRODUCT_BUNDLE_IDENTIFIER = "Agustin-Russo.CatsApp";
				PRODUCT_NAME = "$(TARGET_NAME)";
				SWIFT_EMIT_LOC_STRINGS = YES;
				SWIFT_VERSION = 5.0;
				TARGETED_DEVICE_FAMILY = "1,2";
			};
			name = Release;
		};
		6AAE57CC2D538D8D008D793F /* Debug */ = {
			isa = XCBuildConfiguration;
			buildSettings = {
				BUNDLE_LOADER = "$(TEST_HOST)";
				CODE_SIGN_STYLE = Automatic;
				CURRENT_PROJECT_VERSION = 1;
				DEVELOPMENT_TEAM = N2N576VU5F;
				GENERATE_INFOPLIST_FILE = YES;
				IPHONEOS_DEPLOYMENT_TARGET = 18.0;
				MARKETING_VERSION = 1.0;
				PRODUCT_BUNDLE_IDENTIFIER = "Agustin-Russo.CatsAppTests";
				PRODUCT_NAME = "$(TARGET_NAME)";
				SWIFT_EMIT_LOC_STRINGS = NO;
				SWIFT_VERSION = 5.0;
				TARGETED_DEVICE_FAMILY = "1,2";
				TEST_HOST = "$(BUILT_PRODUCTS_DIR)/CatsApp.app/$(BUNDLE_EXECUTABLE_FOLDER_PATH)/CatsApp";
			};
			name = Debug;
		};
		6AAE57CD2D538D8D008D793F /* Release */ = {
			isa = XCBuildConfiguration;
			buildSettings = {
				BUNDLE_LOADER = "$(TEST_HOST)";
				CODE_SIGN_STYLE = Automatic;
				CURRENT_PROJECT_VERSION = 1;
				DEVELOPMENT_TEAM = N2N576VU5F;
				GENERATE_INFOPLIST_FILE = YES;
				IPHONEOS_DEPLOYMENT_TARGET = 18.0;
				MARKETING_VERSION = 1.0;
				PRODUCT_BUNDLE_IDENTIFIER = "Agustin-Russo.CatsAppTests";
				PRODUCT_NAME = "$(TARGET_NAME)";
				SWIFT_EMIT_LOC_STRINGS = NO;
				SWIFT_VERSION = 5.0;
				TARGETED_DEVICE_FAMILY = "1,2";
				TEST_HOST = "$(BUILT_PRODUCTS_DIR)/CatsApp.app/$(BUNDLE_EXECUTABLE_FOLDER_PATH)/CatsApp";
			};
			name = Release;
		};
		6AAE57CF2D538D8D008D793F /* Debug */ = {
			isa = XCBuildConfiguration;
			buildSettings = {
				CODE_SIGN_STYLE = Automatic;
				CURRENT_PROJECT_VERSION = 1;
				DEVELOPMENT_TEAM = N2N576VU5F;
				GENERATE_INFOPLIST_FILE = YES;
				MARKETING_VERSION = 1.0;
				PRODUCT_BUNDLE_IDENTIFIER = "Agustin-Russo.CatsAppUITests";
				PRODUCT_NAME = "$(TARGET_NAME)";
				SWIFT_EMIT_LOC_STRINGS = NO;
				SWIFT_VERSION = 5.0;
				TARGETED_DEVICE_FAMILY = "1,2";
				TEST_TARGET_NAME = CatsApp;
			};
			name = Debug;
		};
		6AAE57D02D538D8D008D793F /* Release */ = {
			isa = XCBuildConfiguration;
			buildSettings = {
				CODE_SIGN_STYLE = Automatic;
				CURRENT_PROJECT_VERSION = 1;
				DEVELOPMENT_TEAM = N2N576VU5F;
				GENERATE_INFOPLIST_FILE = YES;
				MARKETING_VERSION = 1.0;
				PRODUCT_BUNDLE_IDENTIFIER = "Agustin-Russo.CatsAppUITests";
				PRODUCT_NAME = "$(TARGET_NAME)";
				SWIFT_EMIT_LOC_STRINGS = NO;
				SWIFT_VERSION = 5.0;
				TARGETED_DEVICE_FAMILY = "1,2";
				TEST_TARGET_NAME = CatsApp;
			};
			name = Release;
		};
/* End XCBuildConfiguration section */

/* Begin XCConfigurationList section */
		6AAE579F2D538D8C008D793F /* Build configuration list for PBXProject "CatsApp" */ = {
			isa = XCConfigurationList;
			buildConfigurations = (
				6AAE57C62D538D8D008D793F /* Debug */,
				6AAE57C72D538D8D008D793F /* Release */,
			);
			defaultConfigurationIsVisible = 0;
			defaultConfigurationName = Release;
		};
		6AAE57C82D538D8D008D793F /* Build configuration list for PBXNativeTarget "CatsApp" */ = {
			isa = XCConfigurationList;
			buildConfigurations = (
				6AAE57C92D538D8D008D793F /* Debug */,
				6AAE57CA2D538D8D008D793F /* Release */,
			);
			defaultConfigurationIsVisible = 0;
			defaultConfigurationName = Release;
		};
		6AAE57CB2D538D8D008D793F /* Build configuration list for PBXNativeTarget "CatsAppTests" */ = {
			isa = XCConfigurationList;
			buildConfigurations = (
				6AAE57CC2D538D8D008D793F /* Debug */,
				6AAE57CD2D538D8D008D793F /* Release */,
			);
			defaultConfigurationIsVisible = 0;
			defaultConfigurationName = Release;
		};
		6AAE57CE2D538D8D008D793F /* Build configuration list for PBXNativeTarget "CatsAppUITests" */ = {
			isa = XCConfigurationList;
			buildConfigurations = (
				6AAE57CF2D538D8D008D793F /* Debug */,
				6AAE57D02D538D8D008D793F /* Release */,
			);
			defaultConfigurationIsVisible = 0;
			defaultConfigurationName = Release;
		};
/* End XCConfigurationList section */

/* Begin XCRemoteSwiftPackageReference section */
		6AAE58932D53D037008D793F /* XCRemoteSwiftPackageReference "swift-snapshot-testing" */ = {
			isa = XCRemoteSwiftPackageReference;
			repositoryURL = "https://github.com/pointfreeco/swift-snapshot-testing";
			requirement = {
				kind = upToNextMajorVersion;
				minimumVersion = 1.18.0;
			};
		};
/* End XCRemoteSwiftPackageReference section */

/* Begin XCSwiftPackageProductDependency section */
		6AAE58942D53D037008D793F /* InlineSnapshotTesting */ = {
			isa = XCSwiftPackageProductDependency;
			package = 6AAE58932D53D037008D793F /* XCRemoteSwiftPackageReference "swift-snapshot-testing" */;
			productName = InlineSnapshotTesting;
		};
		6AAE58962D53D037008D793F /* SnapshotTesting */ = {
			isa = XCSwiftPackageProductDependency;
			package = 6AAE58932D53D037008D793F /* XCRemoteSwiftPackageReference "swift-snapshot-testing" */;
			productName = SnapshotTesting;
		};
		6AAE58982D53D037008D793F /* SnapshotTestingCustomDump */ = {
			isa = XCSwiftPackageProductDependency;
			package = 6AAE58932D53D037008D793F /* XCRemoteSwiftPackageReference "swift-snapshot-testing" */;
			productName = SnapshotTestingCustomDump;
		};
/* End XCSwiftPackageProductDependency section */
	};
	rootObject = 6AAE579C2D538D8C008D793F /* Project object */;
}
